
Microsoft Visual Studio Solution File, Format Version 12.00
# Visual Studio Version 16
VisualStudioVersion = 16.0.30114.105
MinimumVisualStudioVersion = 10.0.40219.1
Project("{FAE04EC0-301F-11D3-BF4B-00C04F79EFBC}") = "WebApi", "WebApi\WebApi.csproj", "{432C5A89-2543-4FCE-AC55-366F143B536F}"
EndProject
Project("{FAE04EC0-301F-11D3-BF4B-00C04F79EFBC}") = "BussinessLogic", "BussinessLogic\BussinessLogic.csproj", "{479B3BC5-5BB5-492B-9410-4D82F2837254}"
EndProject
Project("{FAE04EC0-301F-11D3-BF4B-00C04F79EFBC}") = "Core", "Core\Core.csproj", "{ECE5C408-A0C6-49B9-9D35-7F99200205C5}"
EndProject
Global
	GlobalSection(SolutionConfigurationPlatforms) = preSolution
		Debug|Any CPU = Debug|Any CPU
		Debug|x64 = Debug|x64
		Debug|x86 = Debug|x86
		Release|Any CPU = Release|Any CPU
		Release|x64 = Release|x64
		Release|x86 = Release|x86
	EndGlobalSection
	GlobalSection(SolutionProperties) = preSolution
		HideSolutionNode = FALSE
	EndGlobalSection
	GlobalSection(ProjectConfigurationPlatforms) = postSolution
		{432C5A89-2543-4FCE-AC55-366F143B536F}.Debug|Any CPU.ActiveCfg = Debug|Any CPU
		{432C5A89-2543-4FCE-AC55-366F143B536F}.Debug|Any CPU.Build.0 = Debug|Any CPU
		{432C5A89-2543-4FCE-AC55-366F143B536F}.Debug|x64.ActiveCfg = Debug|Any CPU
		{432C5A89-2543-4FCE-AC55-366F143B536F}.Debug|x64.Build.0 = Debug|Any CPU
		{432C5A89-2543-4FCE-AC55-366F143B536F}.Debug|x86.ActiveCfg = Debug|Any CPU
		{432C5A89-2543-4FCE-AC55-366F143B536F}.Debug|x86.Build.0 = Debug|Any CPU
		{432C5A89-2543-4FCE-AC55-366F143B536F}.Release|Any CPU.ActiveCfg = Release|Any CPU
		{432C5A89-2543-4FCE-AC55-366F143B536F}.Release|Any CPU.Build.0 = Release|Any CPU
		{432C5A89-2543-4FCE-AC55-366F143B536F}.Release|x64.ActiveCfg = Release|Any CPU
		{432C5A89-2543-4FCE-AC55-366F143B536F}.Release|x64.Build.0 = Release|Any CPU
		{432C5A89-2543-4FCE-AC55-366F143B536F}.Release|x86.ActiveCfg = Release|Any CPU
		{432C5A89-2543-4FCE-AC55-366F143B536F}.Release|x86.Build.0 = Release|Any CPU
		{479B3BC5-5BB5-492B-9410-4D82F2837254}.Debug|Any CPU.ActiveCfg = Debug|Any CPU
		{479B3BC5-5BB5-492B-9410-4D82F2837254}.Debug|Any CPU.Build.0 = Debug|Any CPU
		{479B3BC5-5BB5-492B-9410-4D82F2837254}.Debug|x64.ActiveCfg = Debug|Any CPU
		{479B3BC5-5BB5-492B-9410-4D82F2837254}.Debug|x64.Build.0 = Debug|Any CPU
		{479B3BC5-5BB5-492B-9410-4D82F2837254}.Debug|x86.ActiveCfg = Debug|Any CPU
		{479B3BC5-5BB5-492B-9410-4D82F2837254}.Debug|x86.Build.0 = Debug|Any CPU
		{479B3BC5-5BB5-492B-9410-4D82F2837254}.Release|Any CPU.ActiveCfg = Release|Any CPU
		{479B3BC5-5BB5-492B-9410-4D82F2837254}.Release|Any CPU.Build.0 = Release|Any CPU
		{479B3BC5-5BB5-492B-9410-4D82F2837254}.Release|x64.ActiveCfg = Release|Any CPU
		{479B3BC5-5BB5-492B-9410-4D82F2837254}.Release|x64.Build.0 = Release|Any CPU
		{479B3BC5-5BB5-492B-9410-4D82F2837254}.Release|x86.ActiveCfg = Release|Any CPU
		{479B3BC5-5BB5-492B-9410-4D82F2837254}.Release|x86.Build.0 = Release|Any CPU
		{ECE5C408-A0C6-49B9-9D35-7F99200205C5}.Debug|Any CPU.ActiveCfg = Debug|Any CPU
		{ECE5C408-A0C6-49B9-9D35-7F99200205C5}.Debug|Any CPU.Build.0 = Debug|Any CPU
		{ECE5C408-A0C6-49B9-9D35-7F99200205C5}.Debug|x64.ActiveCfg = Debug|Any CPU
		{ECE5C408-A0C6-49B9-9D35-7F99200205C5}.Debug|x64.Build.0 = Debug|Any CPU
		{ECE5C408-A0C6-49B9-9D35-7F99200205C5}.Debug|x86.ActiveCfg = Debug|Any CPU
		{ECE5C408-A0C6-49B9-9D35-7F99200205C5}.Debug|x86.Build.0 = Debug|Any CPU
		{ECE5C408-A0C6-49B9-9D35-7F99200205C5}.Release|Any CPU.ActiveCfg = Release|Any CPU
		{ECE5C408-A0C6-49B9-9D35-7F99200205C5}.Release|Any CPU.Build.0 = Release|Any CPU
		{ECE5C408-A0C6-49B9-9D35-7F99200205C5}.Release|x64.ActiveCfg = Release|Any CPU
		{ECE5C408-A0C6-49B9-9D35-7F99200205C5}.Release|x64.Build.0 = Release|Any CPU
		{ECE5C408-A0C6-49B9-9D35-7F99200205C5}.Release|x86.ActiveCfg = Release|Any CPU
		{ECE5C408-A0C6-49B9-9D35-7F99200205C5}.Release|x86.Build.0 = Release|Any CPU
	EndGlobalSection
EndGlobal
